<?xml version="1.0" encoding="utf-8"?>
<Project ToolsVersion="4.0" xmlns="http://schemas.microsoft.com/developer/msbuild/2003">
  <ItemGroup>
    <Filter Include="소스 파일">
      <UniqueIdentifier>{4FC737F1-C7A5-4376-A066-2A32D752A2FF}</UniqueIdentifier>
      <Extensions>cpp;c;cc;cxx;c++;cppm;ixx;def;odl;idl;hpj;bat;asm;asmx</Extensions>
    </Filter>
    <Filter Include="헤더 파일">
      <UniqueIdentifier>{93995380-89BD-4b04-88EB-625FBE52EBFB}</UniqueIdentifier>
      <Extensions>h;hh;hpp;hxx;h++;hm;inl;inc;ipp;xsd</Extensions>
    </Filter>
    <Filter Include="소스 파일\Tetris">
      <UniqueIdentifier>{beaad110-9aee-4452-bf36-3cf570f4f008}</UniqueIdentifier>
    </Filter>
    <Filter Include="소스 파일\Window">
      <UniqueIdentifier>{6893323f-8331-46d1-a345-e0441a1d011c}</UniqueIdentifier>
    </Filter>
    <Filter Include="소스 파일\SnakeGame">
      <UniqueIdentifier>{93df3b38-b745-486d-8ec6-635386916a65}</UniqueIdentifier>
    </Filter>
    <Filter Include="소스 파일\SnakeGame\object">
      <UniqueIdentifier>{83cf2dce-44e6-4578-b976-a38768d23759}</UniqueIdentifier>
    </Filter>
    <Filter Include="소스 파일\Tetris\setting">
      <UniqueIdentifier>{401ba43d-b6bc-4c42-abf1-dd49c5522300}</UniqueIdentifier>
    </Filter>
  </ItemGroup>
  <ItemGroup>
    <ClCompile Include="Tetris\block.cpp">
      <Filter>소스 파일\Tetris</Filter>
    </ClCompile>
    <ClCompile Include="Tetris\game.cpp">
      <Filter>소스 파일\Tetris</Filter>
    </ClCompile>
    <ClCompile Include="Tetris\TetrisLoop.cpp">
      <Filter>소스 파일\Tetris</Filter>
    </ClCompile>
    <ClCompile Include="Button.cpp">
      <Filter>소스 파일\Window</Filter>
    </ClCompile>
    <ClCompile Include="Main.cpp">
      <Filter>소스 파일\Window</Filter>
    </ClCompile>
    <ClCompile Include="Screen.cpp">
      <Filter>소스 파일\Window</Filter>
    </ClCompile>
    <ClCompile Include="SnakeGame\Setting.cpp">
      <Filter>소스 파일\SnakeGame</Filter>
    </ClCompile>
    <ClCompile Include="SnakeGame\Food.cpp">
      <Filter>소스 파일\SnakeGame\object</Filter>
    </ClCompile>
    <ClCompile Include="SnakeGame\Snake.cpp">
      <Filter>소스 파일\SnakeGame\object</Filter>
    </ClCompile>
    <ClCompile Include="SnakeGame\SnakeLoop.cpp">
      <Filter>소스 파일\SnakeGame</Filter>
    </ClCompile>
    <ClCompile Include="Tetris\colors.cpp">
      <Filter>소스 파일\Tetris\setting</Filter>
    </ClCompile>
    <ClCompile Include="Tetris\blocks.cpp">
      <Filter>소스 파일\Tetris\setting</Filter>
    </ClCompile>
    <ClCompile Include="Tetris\grid.cpp">
      <Filter>소스 파일\Tetris\setting</Filter>
    </ClCompile>
    <ClCompile Include="Tetris\position.cpp">
      <Filter>소스 파일\Tetris\setting</Filter>
    </ClCompile>
  </ItemGroup>
  <ItemGroup>
    <ClInclude Include="Screen.h">
      <Filter>헤더 파일</Filter>
    </ClInclude>
    <ClInclude Include="Button.h">
      <Filter>헤더 파일</Filter>
    </ClInclude>
    <ClInclude Include="Tetris\block.h">
      <Filter>소스 파일\Tetris</Filter>
    </ClInclude>
    <ClInclude Include="Tetris\game.h">
      <Filter>소스 파일\Tetris</Filter>
    </ClInclude>
    <ClInclude Include="Tetris\TetrisLoop.h">
      <Filter>소스 파일\Tetris</Filter>
    </ClInclude>
    <ClInclude Include="SnakeGame\Setting.h">
      <Filter>소스 파일\SnakeGame</Filter>
    </ClInclude>
    <ClInclude Include="SnakeGame\Food.h">
      <Filter>소스 파일\SnakeGame\object</Filter>
    </ClInclude>
    <ClInclude Include="SnakeGame\Snake.h">
      <Filter>소스 파일\SnakeGame\object</Filter>
    </ClInclude>
    <ClInclude Include="SnakeGame\SnakeLoop.h">
      <Filter>소스 파일\SnakeGame</Filter>
    </ClInclude>
    <ClInclude Include="Tetris\colors.h">
      <Filter>소스 파일\Tetris\setting</Filter>
    </ClInclude>
    <ClInclude Include="Tetris\grid.h">
      <Filter>소스 파일\Tetris\setting</Filter>
    </ClInclude>
    <ClInclude Include="Tetris\position.h">
      <Filter>소스 파일\Tetris\setting</Filter>
    </ClInclude>
  </ItemGroup>
</Project>